// !$*UTF8*$!
{
	archiveVersion = 1;
	classes = {
	};
	objectVersion = 50;
	objects = {

/* Begin PBXBuildFile section */
		8F12698BDC7BA766EDEAB80F /* Pods_gu_provider_ui.framework in Frameworks */ = {isa = PBXBuildFile; fileRef = 276B505BE3309155A6F161C0 /* Pods_gu_provider_ui.framework */; };
		BF01BDC82160A88E005E9939 /* AppDelegate.swift in Sources */ = {isa = PBXBuildFile; fileRef = BF01BDC72160A88E005E9939 /* AppDelegate.swift */; };
		BF01BDCA2160A88F005E9939 /* Assets.xcassets in Resources */ = {isa = PBXBuildFile; fileRef = BF01BDC92160A88F005E9939 /* Assets.xcassets */; };
		BF01BDCD2160A88F005E9939 /* MainMenu.xib in Resources */ = {isa = PBXBuildFile; fileRef = BF01BDCB2160A88F005E9939 /* MainMenu.xib */; };
		D7FDB762231531CE00F23329 /* gu-provider in Resources */ = {isa = PBXBuildFile; fileRef = D7FDB761231531CE00F23329 /* gu-provider */; };
/* End PBXBuildFile section */

/* Begin PBXFileReference section */
		276B505BE3309155A6F161C0 /* Pods_gu_provider_ui.framework */ = {isa = PBXFileReference; explicitFileType = wrapper.framework; includeInIndex = 0; path = Pods_gu_provider_ui.framework; sourceTree = BUILT_PRODUCTS_DIR; };
		6E7DBB9C25FE46DB04DC7AF8 /* Pods-gu-provider-ui.debug.xcconfig */ = {isa = PBXFileReference; includeInIndex = 1; lastKnownFileType = text.xcconfig; name = "Pods-gu-provider-ui.debug.xcconfig"; path = "Target Support Files/Pods-gu-provider-ui/Pods-gu-provider-ui.debug.xcconfig"; sourceTree = "<group>"; };
		BF01BDC42160A88E005E9939 /* Golem Unlimited Provider.app */ = {isa = PBXFileReference; explicitFileType = wrapper.application; includeInIndex = 0; path = "Golem Unlimited Provider.app"; sourceTree = BUILT_PRODUCTS_DIR; };
		BF01BDC72160A88E005E9939 /* AppDelegate.swift */ = {isa = PBXFileReference; lastKnownFileType = sourcecode.swift; path = AppDelegate.swift; sourceTree = "<group>"; };
		BF01BDC92160A88F005E9939 /* Assets.xcassets */ = {isa = PBXFileReference; lastKnownFileType = folder.assetcatalog; path = Assets.xcassets; sourceTree = "<group>"; };
		BF01BDCC2160A88F005E9939 /* Base */ = {isa = PBXFileReference; lastKnownFileType = file.xib; name = Base; path = Base.lproj/MainMenu.xib; sourceTree = "<group>"; };
		BF01BDCE2160A88F005E9939 /* Info.plist */ = {isa = PBXFileReference; lastKnownFileType = text.plist.xml; path = Info.plist; sourceTree = "<group>"; };
		D7FDB761231531CE00F23329 /* gu-provider */ = {isa = PBXFileReference; lastKnownFileType = "compiled.mach-o.executable"; path = "gu-provider"; sourceTree = "<group>"; };
		E3FA1A9487D213C26F40B8DC /* Pods-gu-provider-ui.release.xcconfig */ = {isa = PBXFileReference; includeInIndex = 1; lastKnownFileType = text.xcconfig; name = "Pods-gu-provider-ui.release.xcconfig"; path = "Target Support Files/Pods-gu-provider-ui/Pods-gu-provider-ui.release.xcconfig"; sourceTree = "<group>"; };
/* End PBXFileReference section */

/* Begin PBXFrameworksBuildPhase section */
		BF01BDC12160A88E005E9939 /* Frameworks */ = {
			isa = PBXFrameworksBuildPhase;
			buildActionMask = 2147483647;
			files = (
				8F12698BDC7BA766EDEAB80F /* Pods_gu_provider_ui.framework in Frameworks */,
			);
			runOnlyForDeploymentPostprocessing = 0;
		};
/* End PBXFrameworksBuildPhase section */

/* Begin PBXGroup section */
		0A1B1037BAA5B9E3E9A0B0E2 /* Frameworks */ = {
			isa = PBXGroup;
			children = (
				276B505BE3309155A6F161C0 /* Pods_gu_provider_ui.framework */,
			);
			name = Frameworks;
			sourceTree = "<group>";
		};
		3D9E228B9B0716200D6D4946 /* Pods */ = {
			isa = PBXGroup;
			children = (
				6E7DBB9C25FE46DB04DC7AF8 /* Pods-gu-provider-ui.debug.xcconfig */,
				E3FA1A9487D213C26F40B8DC /* Pods-gu-provider-ui.release.xcconfig */,
			);
			path = Pods;
			sourceTree = "<group>";
		};
		BF01BDBB2160A88E005E9939 = {
			isa = PBXGroup;
			children = (
				BF01BDC62160A88E005E9939 /* gu-provider-ui */,
				BF01BDC52160A88E005E9939 /* Products */,
				3D9E228B9B0716200D6D4946 /* Pods */,
				0A1B1037BAA5B9E3E9A0B0E2 /* Frameworks */,
			);
			sourceTree = "<group>";
		};
		BF01BDC52160A88E005E9939 /* Products */ = {
			isa = PBXGroup;
			children = (
				BF01BDC42160A88E005E9939 /* Golem Unlimited Provider.app */,
			);
			name = Products;
			sourceTree = "<group>";
		};
		BF01BDC62160A88E005E9939 /* gu-provider-ui */ = {
			isa = PBXGroup;
			children = (
				BF01BDC72160A88E005E9939 /* AppDelegate.swift */,
				BF01BDC92160A88F005E9939 /* Assets.xcassets */,
				BF01BDCB2160A88F005E9939 /* MainMenu.xib */,
				BF01BDCE2160A88F005E9939 /* Info.plist */,
				D7FDB761231531CE00F23329 /* gu-provider */,
			);
			path = "gu-provider-ui";
			sourceTree = "<group>";
		};
/* End PBXGroup section */

/* Begin PBXNativeTarget section */
		BF01BDC32160A88E005E9939 /* gu-provider-ui */ = {
			isa = PBXNativeTarget;
			buildConfigurationList = BF01BDD22160A88F005E9939 /* Build configuration list for PBXNativeTarget "gu-provider-ui" */;
			buildPhases = (
				F9A8BB846D4D42078CA9C98A /* [CP] Check Pods Manifest.lock */,
				BF01BDC02160A88E005E9939 /* Sources */,
				BF01BDC12160A88E005E9939 /* Frameworks */,
				BF01BDC22160A88E005E9939 /* Resources */,
				4000797C4D59B7A3361E9681 /* [CP] Embed Pods Frameworks */,
			);
			buildRules = (
			);
			dependencies = (
			);
			name = "gu-provider-ui";
			productName = "gu-provider-ui";
			productReference = BF01BDC42160A88E005E9939 /* Golem Unlimited Provider.app */;
			productType = "com.apple.product-type.application";
		};
/* End PBXNativeTarget section */

/* Begin PBXProject section */
		BF01BDBC2160A88E005E9939 /* Project object */ = {
			isa = PBXProject;
			attributes = {
				LastSwiftUpdateCheck = 1000;
				LastUpgradeCheck = 1000;
				ORGANIZATIONNAME = "Golem Factory";
				TargetAttributes = {
					BF01BDC32160A88E005E9939 = {
						CreatedOnToolsVersion = 10.0;
						LastSwiftMigration = 1030;
						SystemCapabilities = {
							com.apple.Sandbox = {
								enabled = 0;
							};
						};
					};
				};
			};
			buildConfigurationList = BF01BDBF2160A88E005E9939 /* Build configuration list for PBXProject "gu-provider-ui" */;
			compatibilityVersion = "Xcode 9.3";
			developmentRegion = en;
			hasScannedForEncodings = 0;
			knownRegions = (
				en,
				Base,
			);
			mainGroup = BF01BDBB2160A88E005E9939;
			productRefGroup = BF01BDC52160A88E005E9939 /* Products */;
			projectDirPath = "";
			projectRoot = "";
			targets = (
				BF01BDC32160A88E005E9939 /* gu-provider-ui */,
			);
		};
/* End PBXProject section */

/* Begin PBXResourcesBuildPhase section */
		BF01BDC22160A88E005E9939 /* Resources */ = {
			isa = PBXResourcesBuildPhase;
			buildActionMask = 2147483647;
			files = (
				BF01BDCA2160A88F005E9939 /* Assets.xcassets in Resources */,
				BF01BDCD2160A88F005E9939 /* MainMenu.xib in Resources */,
				D7FDB762231531CE00F23329 /* gu-provider in Resources */,
			);
			runOnlyForDeploymentPostprocessing = 0;
		};
/* End PBXResourcesBuildPhase section */

/* Begin PBXShellScriptBuildPhase section */
		4000797C4D59B7A3361E9681 /* [CP] Embed Pods Frameworks */ = {
			isa = PBXShellScriptBuildPhase;
			buildActionMask = 2147483647;
			files = (
			);
			inputFileListPaths = (
			);
			inputPaths = (
				"${PODS_ROOT}/Target Support Files/Pods-gu-provider-ui/Pods-gu-provider-ui-frameworks.sh",
				"${BUILT_PRODUCTS_DIR}/BlueSocket/Socket.framework",
			);
			name = "[CP] Embed Pods Frameworks";
			outputFileListPaths = (
			);
			outputPaths = (
				"${TARGET_BUILD_DIR}/${FRAMEWORKS_FOLDER_PATH}/Socket.framework",
			);
			runOnlyForDeploymentPostprocessing = 0;
			shellPath = /bin/sh;
			shellScript = "\"${PODS_ROOT}/Target Support Files/Pods-gu-provider-ui/Pods-gu-provider-ui-frameworks.sh\"\n";
			showEnvVarsInLog = 0;
		};
		F9A8BB846D4D42078CA9C98A /* [CP] Check Pods Manifest.lock */ = {
			isa = PBXShellScriptBuildPhase;
			buildActionMask = 2147483647;
			files = (
			);
			inputFileListPaths = (
			);
			inputPaths = (
				"${PODS_PODFILE_DIR_PATH}/Podfile.lock",
				"${PODS_ROOT}/Manifest.lock",
			);
			name = "[CP] Check Pods Manifest.lock";
			outputFileListPaths = (
			);
			outputPaths = (
				"$(DERIVED_FILE_DIR)/Pods-gu-provider-ui-checkManifestLockResult.txt",
			);
			runOnlyForDeploymentPostprocessing = 0;
			shellPath = /bin/sh;
			shellScript = "diff \"${PODS_PODFILE_DIR_PATH}/Podfile.lock\" \"${PODS_ROOT}/Manifest.lock\" > /dev/null\nif [ $? != 0 ] ; then\n    # print error to STDERR\n    echo \"error: The sandbox is not in sync with the Podfile.lock. Run 'pod install' or update your CocoaPods installation.\" >&2\n    exit 1\nfi\n# This output is used by Xcode 'outputs' to avoid re-running this script phase.\necho \"SUCCESS\" > \"${SCRIPT_OUTPUT_FILE_0}\"\n";
			showEnvVarsInLog = 0;
		};
/* End PBXShellScriptBuildPhase section */

/* Begin PBXSourcesBuildPhase section */
		BF01BDC02160A88E005E9939 /* Sources */ = {
			isa = PBXSourcesBuildPhase;
			buildActionMask = 2147483647;
			files = (
				BF01BDC82160A88E005E9939 /* AppDelegate.swift in Sources */,
			);
			runOnlyForDeploymentPostprocessing = 0;
		};
/* End PBXSourcesBuildPhase section */

/* Begin PBXVariantGroup section */
		BF01BDCB2160A88F005E9939 /* MainMenu.xib */ = {
			isa = PBXVariantGroup;
			children = (
				BF01BDCC2160A88F005E9939 /* Base */,
			);
			name = MainMenu.xib;
			sourceTree = "<group>";
		};
/* End PBXVariantGroup section */

/* Begin XCBuildConfiguration section */
		BF01BDD02160A88F005E9939 /* Debug */ = {
			isa = XCBuildConfiguration;
			buildSettings = {
				ALWAYS_SEARCH_USER_PATHS = NO;
				CLANG_ANALYZER_NONNULL = YES;
				CLANG_ANALYZER_NUMBER_OBJECT_CONVERSION = YES_AGGRESSIVE;
				CLANG_CXX_LANGUAGE_STANDARD = "gnu++14";
				CLANG_CXX_LIBRARY = "libc++";
				CLANG_ENABLE_MODULES = YES;
				CLANG_ENABLE_OBJC_ARC = YES;
				CLANG_ENABLE_OBJC_WEAK = YES;
				CLANG_WARN_BLOCK_CAPTURE_AUTORELEASING = YES;
				CLANG_WARN_BOOL_CONVERSION = YES;
				CLANG_WARN_COMMA = YES;
				CLANG_WARN_CONSTANT_CONVERSION = YES;
				CLANG_WARN_DEPRECATED_OBJC_IMPLEMENTATIONS = YES;
				CLANG_WARN_DIRECT_OBJC_ISA_USAGE = YES_ERROR;
				CLANG_WARN_DOCUMENTATION_COMMENTS = YES;
				CLANG_WARN_EMPTY_BODY = YES;
				CLANG_WARN_ENUM_CONVERSION = YES;
				CLANG_WARN_INFINITE_RECURSION = YES;
				CLANG_WARN_INT_CONVERSION = YES;
				CLANG_WARN_NON_LITERAL_NULL_CONVERSION = YES;
				CLANG_WARN_OBJC_IMPLICIT_RETAIN_SELF = YES;
				CLANG_WARN_OBJC_LITERAL_CONVERSION = YES;
				CLANG_WARN_OBJC_ROOT_CLASS = YES_ERROR;
				CLANG_WARN_RANGE_LOOP_ANALYSIS = YES;
				CLANG_WARN_STRICT_PROTOTYPES = YES;
				CLANG_WARN_SUSPICIOUS_MOVE = YES;
				CLANG_WARN_UNGUARDED_AVAILABILITY = YES_AGGRESSIVE;
				CLANG_WARN_UNREACHABLE_CODE = YES;
				CLANG_WARN__DUPLICATE_METHOD_MATCH = YES;
				CODE_SIGN_IDENTITY = "-";
				COPY_PHASE_STRIP = NO;
				DEBUG_INFORMATION_FORMAT = dwarf;
				ENABLE_STRICT_OBJC_MSGSEND = YES;
				ENABLE_TESTABILITY = YES;
				GCC_C_LANGUAGE_STANDARD = gnu11;
				GCC_DYNAMIC_NO_PIC = NO;
				GCC_NO_COMMON_BLOCKS = YES;
				GCC_OPTIMIZATION_LEVEL = 0;
				GCC_PREPROCESSOR_DEFINITIONS = (
					"DEBUG=1",
					"$(inherited)",
				);
				GCC_WARN_64_TO_32_BIT_CONVERSION = YES;
				GCC_WARN_ABOUT_RETURN_TYPE = YES_ERROR;
				GCC_WARN_UNDECLARED_SELECTOR = YES;
				GCC_WARN_UNINITIALIZED_AUTOS = YES_AGGRESSIVE;
				GCC_WARN_UNUSED_FUNCTION = YES;
				GCC_WARN_UNUSED_VARIABLE = YES;
				MACOSX_DEPLOYMENT_TARGET = 10.13;
				MTL_ENABLE_DEBUG_INFO = INCLUDE_SOURCE;
				MTL_FAST_MATH = YES;
				ONLY_ACTIVE_ARCH = YES;
				SDKROOT = macosx;
				SWIFT_ACTIVE_COMPILATION_CONDITIONS = DEBUG;
				SWIFT_OPTIMIZATION_LEVEL = "-Onone";
			};
			name = Debug;
		};
		BF01BDD12160A88F005E9939 /* Release */ = {
			isa = XCBuildConfiguration;
			buildSettings = {
				ALWAYS_SEARCH_USER_PATHS = NO;
				CLANG_ANALYZER_NONNULL = YES;
				CLANG_ANALYZER_NUMBER_OBJECT_CONVERSION = YES_AGGRESSIVE;
				CLANG_CXX_LANGUAGE_STANDARD = "gnu++14";
				CLANG_CXX_LIBRARY = "libc++";
				CLANG_ENABLE_MODULES = YES;
				CLANG_ENABLE_OBJC_ARC = YES;
				CLANG_ENABLE_OBJC_WEAK = YES;
				CLANG_WARN_BLOCK_CAPTURE_AUTORELEASING = YES;
				CLANG_WARN_BOOL_CONVERSION = YES;
				CLANG_WARN_COMMA = YES;
				CLANG_WARN_CONSTANT_CONVERSION = YES;
				CLANG_WARN_DEPRECATED_OBJC_IMPLEMENTATIONS = YES;
				CLANG_WARN_DIRECT_OBJC_ISA_USAGE = YES_ERROR;
				CLANG_WARN_DOCUMENTATION_COMMENTS = YES;
				CLANG_WARN_EMPTY_BODY = YES;
				CLANG_WARN_ENUM_CONVERSION = YES;
				CLANG_WARN_INFINITE_RECURSION = YES;
				CLANG_WARN_INT_CONVERSION = YES;
				CLANG_WARN_NON_LITERAL_NULL_CONVERSION = YES;
				CLANG_WARN_OBJC_IMPLICIT_RETAIN_SELF = YES;
				CLANG_WARN_OBJC_LITERAL_CONVERSION = YES;
				CLANG_WARN_OBJC_ROOT_CLASS = YES_ERROR;
				CLANG_WARN_RANGE_LOOP_ANALYSIS = YES;
				CLANG_WARN_STRICT_PROTOTYPES = YES;
				CLANG_WARN_SUSPICIOUS_MOVE = YES;
				CLANG_WARN_UNGUARDED_AVAILABILITY = YES_AGGRESSIVE;
				CLANG_WARN_UNREACHABLE_CODE = YES;
				CLANG_WARN__DUPLICATE_METHOD_MATCH = YES;
				CODE_SIGN_IDENTITY = "-";
				COPY_PHASE_STRIP = NO;
				DEBUG_INFORMATION_FORMAT = "dwarf-with-dsym";
				ENABLE_NS_ASSERTIONS = NO;
				ENABLE_STRICT_OBJC_MSGSEND = YES;
				GCC_C_LANGUAGE_STANDARD = gnu11;
				GCC_NO_COMMON_BLOCKS = YES;
				GCC_WARN_64_TO_32_BIT_CONVERSION = YES;
				GCC_WARN_ABOUT_RETURN_TYPE = YES_ERROR;
				GCC_WARN_UNDECLARED_SELECTOR = YES;
				GCC_WARN_UNINITIALIZED_AUTOS = YES_AGGRESSIVE;
				GCC_WARN_UNUSED_FUNCTION = YES;
				GCC_WARN_UNUSED_VARIABLE = YES;
				MACOSX_DEPLOYMENT_TARGET = 10.13;
				MTL_ENABLE_DEBUG_INFO = NO;
				MTL_FAST_MATH = YES;
				SDKROOT = macosx;
				SWIFT_COMPILATION_MODE = wholemodule;
				SWIFT_OPTIMIZATION_LEVEL = "-O";
			};
			name = Release;
		};
		BF01BDD32160A88F005E9939 /* Debug */ = {
			isa = XCBuildConfiguration;
			baseConfigurationReference = 6E7DBB9C25FE46DB04DC7AF8 /* Pods-gu-provider-ui.debug.xcconfig */;
			buildSettings = {
				ASSETCATALOG_COMPILER_APPICON_NAME = AppIcon;
				CODE_SIGN_STYLE = Automatic;
				COMBINE_HIDPI_IMAGES = YES;
				INFOPLIST_FILE = "gu-provider-ui/Info.plist";
				LD_RUNPATH_SEARCH_PATHS = (
					"$(inherited)",
					"@executable_path/../Frameworks",
				);
				PRODUCT_BUNDLE_IDENTIFIER = "network.golem.gu-provider-ui";
				PRODUCT_NAME = "Golem Unlimited Provider";
				SWIFT_VERSION = 5.0;
			};
			name = Debug;
		};
		BF01BDD42160A88F005E9939 /* Release */ = {
			isa = XCBuildConfiguration;
			baseConfigurationReference = E3FA1A9487D213C26F40B8DC /* Pods-gu-provider-ui.release.xcconfig */;
			buildSettings = {
				ASSETCATALOG_COMPILER_APPICON_NAME = AppIcon;
				CODE_SIGN_STYLE = Automatic;
				COMBINE_HIDPI_IMAGES = YES;
				INFOPLIST_FILE = "gu-provider-ui/Info.plist";
				LD_RUNPATH_SEARCH_PATHS = (
					"$(inherited)",
					"@executable_path/../Frameworks",
				);
				PRODUCT_BUNDLE_IDENTIFIER = "network.golem.gu-provider-ui";
				PRODUCT_NAME = "Golem Unlimited Provider";
				SWIFT_VERSION = 5.0;
			};
			name = Release;
		};
/* End XCBuildConfiguration section */

/* Begin XCConfigurationList section */
		BF01BDBF2160A88E005E9939 /* Build configuration list for PBXProject "gu-provider-ui" */ = {
			isa = XCConfigurationList;
			buildConfigurations = (
				BF01BDD02160A88F005E9939 /* Debug */,
				BF01BDD12160A88F005E9939 /* Release */,
			);
			defaultConfigurationIsVisible = 0;
			defaultConfigurationName = Release;
		};
		BF01BDD22160A88F005E9939 /* Build configuration list for PBXNativeTarget "gu-provider-ui" */ = {
			isa = XCConfigurationList;
			buildConfigurations = (
				BF01BDD32160A88F005E9939 /* Debug */,
				BF01BDD42160A88F005E9939 /* Release */,
			);
			defaultConfigurationIsVisible = 0;
			defaultConfigurationName = Release;
		};
/* End XCConfigurationList section */
	};
	rootObject = BF01BDBC2160A88E005E9939 /* Project object */;
}
